// !$*UTF8*$!
{
	archiveVersion = 1;
	classes = {
	};
	objectVersion = 46;
	objects = {

/* Begin PBXBuildFile section */
		54BDAD0D1D265D8400F665B2 /* main.m in Sources */ = {isa = PBXBuildFile; fileRef = 54BDAD0C1D265D8400F665B2 /* main.m */; };
		54BDAD101D265D8400F665B2 /* AppDelegate.m in Sources */ = {isa = PBXBuildFile; fileRef = 54BDAD0F1D265D8400F665B2 /* AppDelegate.m */; };
		54BDAD181D265D8400F665B2 /* Assets.xcassets in Resources */ = {isa = PBXBuildFile; fileRef = 54BDAD171D265D8400F665B2 /* Assets.xcassets */; };
		54BDAD1B1D265D8400F665B2 /* LaunchScreen.storyboard in Resources */ = {isa = PBXBuildFile; fileRef = 54BDAD191D265D8400F665B2 /* LaunchScreen.storyboard */; };
		54BDAD251D265DB700F665B2 /* SMDBHelper.m in Sources */ = {isa = PBXBuildFile; fileRef = 54BDAD241D265DB700F665B2 /* SMDBHelper.m */; };
		54BDAD2A1D265DFE00F665B2 /* ViewController.m in Sources */ = {isa = PBXBuildFile; fileRef = 54BDAD271D265DFE00F665B2 /* ViewController.m */; };
		54BDAD2B1D265DFE00F665B2 /* Main.storyboard in Resources */ = {isa = PBXBuildFile; fileRef = 54BDAD281D265DFE00F665B2 /* Main.storyboard */; };
		54BDAD2C1D265DFE00F665B2 /* 1.png in Resources */ = {isa = PBXBuildFile; fileRef = 54BDAD291D265DFE00F665B2 /* 1.png */; };
		54BDAD2E1D265F2400F665B2 /* libsqlite3.tbd in Frameworks */ = {isa = PBXBuildFile; fileRef = 54BDAD2D1D265F2400F665B2 /* libsqlite3.tbd */; };
/* End PBXBuildFile section */

/* Begin PBXFileReference section */
		54BDAD081D265D8400F665B2 /* SMDBHelper.app */ = {isa = PBXFileReference; explicitFileType = wrapper.application; includeInIndex = 0; path = SMDBHelper.app; sourceTree = BUILT_PRODUCTS_DIR; };
		54BDAD0C1D265D8400F665B2 /* main.m */ = {isa = PBXFileReference; lastKnownFileType = sourcecode.c.objc; path = main.m; sourceTree = "<group>"; };
		54BDAD0E1D265D8400F665B2 /* AppDelegate.h */ = {isa = PBXFileReference; lastKnownFileType = sourcecode.c.h; path = AppDelegate.h; sourceTree = "<group>"; };
		54BDAD0F1D265D8400F665B2 /* AppDelegate.m */ = {isa = PBXFileReference; lastKnownFileType = sourcecode.c.objc; path = AppDelegate.m; sourceTree = "<group>"; };
		54BDAD171D265D8400F665B2 /* Assets.xcassets */ = {isa = PBXFileReference; lastKnownFileType = folder.assetcatalog; path = Assets.xcassets; sourceTree = "<group>"; };
		54BDAD1A1D265D8400F665B2 /* Base */ = {isa = PBXFileReference; lastKnownFileType = file.storyboard; name = Base; path = Base.lproj/LaunchScreen.storyboard; sourceTree = "<group>"; };
		54BDAD1C1D265D8400F665B2 /* Info.plist */ = {isa = PBXFileReference; lastKnownFileType = text.plist.xml; path = Info.plist; sourceTree = "<group>"; };
		54BDAD231D265DB700F665B2 /* SMDBHelper.h */ = {isa = PBXFileReference; fileEncoding = 4; lastKnownFileType = sourcecode.c.h; path = SMDBHelper.h; sourceTree = "<group>"; };
		54BDAD241D265DB700F665B2 /* SMDBHelper.m */ = {isa = PBXFileReference; fileEncoding = 4; lastKnownFileType = sourcecode.c.objc; path = SMDBHelper.m; sourceTree = "<group>"; };
		54BDAD261D265DFE00F665B2 /* ViewController.h */ = {isa = PBXFileReference; fileEncoding = 4; lastKnownFileType = sourcecode.c.h; path = ViewController.h; sourceTree = "<group>"; };
		54BDAD271D265DFE00F665B2 /* ViewController.m */ = {isa = PBXFileReference; fileEncoding = 4; lastKnownFileType = sourcecode.c.objc; path = ViewController.m; sourceTree = "<group>"; };
		54BDAD281D265DFE00F665B2 /* Main.storyboard */ = {isa = PBXFileReference; fileEncoding = 4; lastKnownFileType = file.storyboard; path = Main.storyboard; sourceTree = "<group>"; };
		54BDAD291D265DFE00F665B2 /* 1.png */ = {isa = PBXFileReference; lastKnownFileType = image.png; path = 1.png; sourceTree = "<group>"; };
		54BDAD2D1D265F2400F665B2 /* libsqlite3.tbd */ = {isa = PBXFileReference; lastKnownFileType = "sourcecode.text-based-dylib-definition"; name = libsqlite3.tbd; path = usr/lib/libsqlite3.tbd; sourceTree = SDKROOT; };
/* End PBXFileReference section */

/* Begin PBXFrameworksBuildPhase section */
		54BDAD051D265D8400F665B2 /* Frameworks */ = {
			isa = PBXFrameworksBuildPhase;
			buildActionMask = 2147483647;
			files = (
				54BDAD2E1D265F2400F665B2 /* libsqlite3.tbd in Frameworks */,
			);
			runOnlyForDeploymentPostprocessing = 0;
		};
/* End PBXFrameworksBuildPhase section */

/* Begin PBXGroup section */
		54BDACFF1D265D8400F665B2 = {
			isa = PBXGroup;
			children = (
				54BDAD2D1D265F2400F665B2 /* libsqlite3.tbd */,
				54BDAD0A1D265D8400F665B2 /* SMDBHelper */,
				54BDAD091D265D8400F665B2 /* Products */,
			);
			sourceTree = "<group>";
		};
		54BDAD091D265D8400F665B2 /* Products */ = {
			isa = PBXGroup;
			children = (
				54BDAD081D265D8400F665B2 /* SMDBHelper.app */,
			);
			name = Products;
			sourceTree = "<group>";
		};
		54BDAD0A1D265D8400F665B2 /* SMDBHelper */ = {
			isa = PBXGroup;
			children = (
				54BDAD0E1D265D8400F665B2 /* AppDelegate.h */,
				54BDAD0F1D265D8400F665B2 /* AppDelegate.m */,
				54BDAD261D265DFE00F665B2 /* ViewController.h */,
				54BDAD271D265DFE00F665B2 /* ViewController.m */,
				54BDAD281D265DFE00F665B2 /* Main.storyboard */,
				54BDAD291D265DFE00F665B2 /* 1.png */,
				54BDAD171D265D8400F665B2 /* Assets.xcassets */,
				54BDAD191D265D8400F665B2 /* LaunchScreen.storyboard */,
				54BDAD1C1D265D8400F665B2 /* Info.plist */,
				54BDAD221D265DB700F665B2 /* SMDBHelper */,
				54BDAD0B1D265D8400F665B2 /* Supporting Files */,
			);
			path = SMDBHelper;
			sourceTree = "<group>";
		};
		54BDAD0B1D265D8400F665B2 /* Supporting Files */ = {
			isa = PBXGroup;
			children = (
				54BDAD0C1D265D8400F665B2 /* main.m */,
			);
			name = "Supporting Files";
			sourceTree = "<group>";
		};
		54BDAD221D265DB700F665B2 /* SMDBHelper */ = {
			isa = PBXGroup;
			children = (
				54BDAD231D265DB700F665B2 /* SMDBHelper.h */,
				54BDAD241D265DB700F665B2 /* SMDBHelper.m */,
			);
			path = SMDBHelper;
			sourceTree = "<group>";
		};
/* End PBXGroup section */

/* Begin PBXNativeTarget section */
		54BDAD071D265D8400F665B2 /* SMDBHelper */ = {
			isa = PBXNativeTarget;
			buildConfigurationList = 54BDAD1F1D265D8400F665B2 /* Build configuration list for PBXNativeTarget "SMDBHelper" */;
			buildPhases = (
				54BDAD041D265D8400F665B2 /* Sources */,
				54BDAD051D265D8400F665B2 /* Frameworks */,
				54BDAD061D265D8400F665B2 /* Resources */,
			);
			buildRules = (
			);
			dependencies = (
			);
			name = SMDBHelper;
			productName = SMDBHelper;
			productReference = 54BDAD081D265D8400F665B2 /* SMDBHelper.app */;
			productType = "com.apple.product-type.application";
		};
/* End PBXNativeTarget section */

/* Begin PBXProject section */
		54BDAD001D265D8400F665B2 /* Project object */ = {
			isa = PBXProject;
			attributes = {
				LastUpgradeCheck = 0730;
				ORGANIZATIONNAME = "朱思明";
				TargetAttributes = {
					54BDAD071D265D8400F665B2 = {
						CreatedOnToolsVersion = 7.3.1;
					};
				};
			};
			buildConfigurationList = 54BDAD031D265D8400F665B2 /* Build configuration list for PBXProject "SMDBHelper" */;
			compatibilityVersion = "Xcode 3.2";
			developmentRegion = English;
			hasScannedForEncodings = 0;
			knownRegions = (
				en,
				Base,
			);
			mainGroup = 54BDACFF1D265D8400F665B2;
			productRefGroup = 54BDAD091D265D8400F665B2 /* Products */;
			projectDirPath = "";
			projectRoot = "";
			targets = (
				54BDAD071D265D8400F665B2 /* SMDBHelper */,
			);
		};
/* End PBXProject section */

/* Begin PBXResourcesBuildPhase section */
		54BDAD061D265D8400F665B2 /* Resources */ = {
			isa = PBXResourcesBuildPhase;
			buildActionMask = 2147483647;
			files = (
				54BDAD2B1D265DFE00F665B2 /* Main.storyboard in Resources */,
				54BDAD2C1D265DFE00F665B2 /* 1.png in Resources */,
				54BDAD1B1D265D8400F665B2 /* LaunchScreen.storyboard in Resources */,
				54BDAD181D265D8400F665B2 /* Assets.xcassets in Resources */,
			);
			runOnlyForDeploymentPostprocessing = 0;
		};
/* End PBXResourcesBuildPhase section */

/* Begin PBXSourcesBuildPhase section */
		54BDAD041D265D8400F665B2 /* Sources */ = {
			isa = PBXSourcesBuildPhase;
			buildActionMask = 2147483647;
			files = (
				54BDAD251D265DB700F665B2 /* SMDBHelper.m in Sources */,
				54BDAD101D265D8400F665B2 /* AppDelegate.m in Sources */,
				54BDAD2A1D265DFE00F665B2 /* ViewController.m in Sources */,
				54BDAD0D1D265D8400F665B2 /* main.m in Sources */,
			);
			runOnlyForDeploymentPostprocessing = 0;
		};
/* End PBXSourcesBuildPhase section */

/* Begin PBXVariantGroup section */
		54BDAD191D265D8400F665B2 /* LaunchScreen.storyboard */ = {
			isa = PBXVariantGroup;
			children = (
				54BDAD1A1D265D8400F665B2 /* Base */,
			);
			name = LaunchScreen.storyboard;
			sourceTree = "<group>";
		};
/* End PBXVariantGroup section */

/* Begin XCBuildConfiguration section */
		54BDAD1D1D265D8400F665B2 /* Debug */ = {
			isa = XCBuildConfiguration;
			buildSettings = {
				ALWAYS_SEARCH_USER_PATHS = NO;
				CLANG_ANALYZER_NONNULL = YES;
				CLANG_CXX_LANGUAGE_STANDARD = "gnu++0x";
				CLANG_CXX_LIBRARY = "libc++";
				CLANG_ENABLE_MODULES = YES;
				CLANG_ENABLE_OBJC_ARC = YES;
				CLANG_WARN_BOOL_CONVERSION = YES;
				CLANG_WARN_CONSTANT_CONVERSION = YES;
				CLANG_WARN_DIRECT_OBJC_ISA_USAGE = YES_ERROR;
				CLANG_WARN_EMPTY_BODY = YES;
				CLANG_WARN_ENUM_CONVERSION = YES;
				CLANG_WARN_INT_CONVERSION = YES;
				CLANG_WARN_OBJC_ROOT_CLASS = YES_ERROR;
				CLANG_WARN_UNREACHABLE_CODE = YES;
				CLANG_WARN__DUPLICATE_METHOD_MATCH = YES;
				"CODE_SIGN_IDENTITY[sdk=iphoneos*]" = "iPhone Developer";
				COPY_PHASE_STRIP = NO;
				DEBUG_INFORMATION_FORMAT = dwarf;
				ENABLE_STRICT_OBJC_MSGSEND = YES;
				ENABLE_TESTABILITY = YES;
				GCC_C_LANGUAGE_STANDARD = gnu99;
				GCC_DYNAMIC_NO_PIC = NO;
				GCC_NO_COMMON_BLOCKS = YES;
				GCC_OPTIMIZATION_LEVEL = 0;
				GCC_PREPROCESSOR_DEFINITIONS = (
					"DEBUG=1",
					"$(inherited)",
				);
				GCC_WARN_64_TO_32_BIT_CONVERSION = YES;
				GCC_WARN_ABOUT_RETURN_TYPE = YES_ERROR;
				GCC_WARN_UNDECLARED_SELECTOR = YES;
				GCC_WARN_UNINITIALIZED_AUTOS = YES_AGGRESSIVE;
				GCC_WARN_UNUSED_FUNCTION = YES;
				GCC_WARN_UNUSED_VARIABLE = YES;
				IPHONEOS_DEPLOYMENT_TARGET = 9.3;
				MTL_ENABLE_DEBUG_INFO = YES;
				ONLY_ACTIVE_ARCH = YES;
				SDKROOT = iphoneos;
			};
			name = Debug;
		};
		54BDAD1E1D265D8400F665B2 /* Release */ = {
			isa = XCBuildConfiguration;
			buildSettings = {
				ALWAYS_SEARCH_USER_PATHS = NO;
				CLANG_ANALYZER_NONNULL = YES;
				CLANG_CXX_LANGUAGE_STANDARD = "gnu++0x";
				CLANG_CXX_LIBRARY = "libc++";
				CLANG_ENABLE_MODULES = YES;
				CLANG_ENABLE_OBJC_ARC = YES;
				CLANG_WARN_BOOL_CONVERSION = YES;
				CLANG_WARN_CONSTANT_CONVERSION = YES;
				CLANG_WARN_DIRECT_OBJC_ISA_USAGE = YES_ERROR;
				CLANG_WARN_EMPTY_BODY = YES;
				CLANG_WARN_ENUM_CONVERSION = YES;
				CLANG_WARN_INT_CONVERSION = YES;
				CLANG_WARN_OBJC_ROOT_CLASS = YES_ERROR;
				CLANG_WARN_UNREACHABLE_CODE = YES;
				CLANG_WARN__DUPLICATE_METHOD_MATCH = YES;
				"CODE_SIGN_IDENTITY[sdk=iphoneos*]" = "iPhone Developer";
				COPY_PHASE_STRIP = NO;
				DEBUG_INFORMATION_FORMAT = "dwarf-with-dsym";
				ENABLE_NS_ASSERTIONS = NO;
				ENABLE_STRICT_OBJC_MSGSEND = YES;
				GCC_C_LANGUAGE_STANDARD = gnu99;
				GCC_NO_COMMON_BLOCKS = YES;
				GCC_WARN_64_TO_32_BIT_CONVERSION = YES;
				GCC_WARN_ABOUT_RETURN_TYPE = YES_ERROR;
				GCC_WARN_UNDECLARED_SELECTOR = YES;
				GCC_WARN_UNINITIALIZED_AUTOS = YES_AGGRESSIVE;
				GCC_WARN_UNUSED_FUNCTION = YES;
				GCC_WARN_UNUSED_VARIABLE = YES;
				IPHONEOS_DEPLOYMENT_TARGET = 9.3;
				MTL_ENABLE_DEBUG_INFO = NO;
				SDKROOT = iphoneos;
				VALIDATE_PRODUCT = YES;
			};
			name = Release;
		};
		54BDAD201D265D8400F665B2 /* Debug */ = {
			isa = XCBuildConfiguration;
			buildSettings = {
				ASSETCATALOG_COMPILER_APPICON_NAME = AppIcon;
				INFOPLIST_FILE = SMDBHelper/Info.plist;
				LD_RUNPATH_SEARCH_PATHS = "$(inherited) @executable_path/Frameworks";
				PRODUCT_BUNDLE_IDENTIFIER = com.cxwl.SMDBHelper;
				PRODUCT_NAME = "$(TARGET_NAME)";
			};
			name = Debug;
		};
		54BDAD211D265D8400F665B2 /* Release */ = {
			isa = XCBuildConfiguration;
			buildSettings = {
				ASSETCATALOG_COMPILER_APPICON_NAME = AppIcon;
				INFOPLIST_FILE = SMDBHelper/Info.plist;
				LD_RUNPATH_SEARCH_PATHS = "$(inherited) @executable_path/Frameworks";
				PRODUCT_BUNDLE_IDENTIFIER = com.cxwl.SMDBHelper;
				PRODUCT_NAME = "$(TARGET_NAME)";
			};
			name = Release;
		};
/* End XCBuildConfiguration section */

/* Begin XCConfigurationList section */
		54BDAD031D265D8400F665B2 /* Build configuration list for PBXProject "SMDBHelper" */ = {
			isa = XCConfigurationList;
			buildConfigurations = (
				54BDAD1D1D265D8400F665B2 /* Debug */,
				54BDAD1E1D265D8400F665B2 /* Release */,
			);
			defaultConfigurationIsVisible = 0;
			defaultConfigurationName = Release;
		};
		54BDAD1F1D265D8400F665B2 /* Build configuration list for PBXNativeTarget "SMDBHelper" */ = {
			isa = XCConfigurationList;
			buildConfigurations = (
				54BDAD201D265D8400F665B2 /* Debug */,
				54BDAD211D265D8400F665B2 /* Release */,
			);
			defaultConfigurationIsVisible = 0;
			defaultConfigurationName = Release;
		};
/* End XCConfigurationList section */
	};
	rootObject = 54BDAD001D265D8400F665B2 /* Project object */;
}
